
Microsoft Visual Studio Solution File, Format Version 12.00
# Visual Studio Version 17
VisualStudioVersion = 17.13.35825.156
MinimumVisualStudioVersion = 10.0.40219.1
Project("{FAE04EC0-301F-11D3-BF4B-00C04F79EFBC}") = "ScriptureNotesBE", "ScriptureNotesBE.csproj", "{27B20118-212C-4D32-887E-3C241CB67255}"
EndProject
Project("{FAE04EC0-301F-11D3-BF4B-00C04F79EFBC}") = "ScriptureNoteBETest", "..\ScriptureNoteBETest\ScriptureNoteBETest.csproj", "{5DBD1165-1ADA-43A4-9844-B2458FFABC13}"
EndProject
Global
	GlobalSection(SolutionConfigurationPlatforms) = preSolution
		Debug|Any CPU = Debug|Any CPU
		Release|Any CPU = Release|Any CPU
	EndGlobalSection
	GlobalSection(ProjectConfigurationPlatforms) = postSolution
		{27B20118-212C-4D32-887E-3C241CB67255}.Debug|Any CPU.ActiveCfg = Debug|Any CPU
		{27B20118-212C-4D32-887E-3C241CB67255}.Debug|Any CPU.Build.0 = Debug|Any CPU
		{27B20118-212C-4D32-887E-3C241CB67255}.Release|Any CPU.ActiveCfg = Release|Any CPU
		{27B20118-212C-4D32-887E-3C241CB67255}.Release|Any CPU.Build.0 = Release|Any CPU
		{5DBD1165-1ADA-43A4-9844-B2458FFABC13}.Debug|Any CPU.ActiveCfg = Debug|Any CPU
		{5DBD1165-1ADA-43A4-9844-B2458FFABC13}.Debug|Any CPU.Build.0 = Debug|Any CPU
		{5DBD1165-1ADA-43A4-9844-B2458FFABC13}.Release|Any CPU.ActiveCfg = Release|Any CPU
		{5DBD1165-1ADA-43A4-9844-B2458FFABC13}.Release|Any CPU.Build.0 = Release|Any CPU
	EndGlobalSection
	GlobalSection(SolutionProperties) = preSolution
		HideSolutionNode = FALSE
	EndGlobalSection
	GlobalSection(ExtensibilityGlobals) = postSolution
		SolutionGuid = {558C9EC9-5F7C-4482-90A0-245C94DF53F7}
	EndGlobalSection
EndGlobal
